{
  "name": "create-crazypod-app",
  "version": "5.0.0",
  "lockfileVersion": 3,
  "requires": true,
  "packages": {
    "": {
      "name": "create-crazypod-app",
      "version": "5.0.0",
      "dependencies": {
        "@lottiefiles/dotlottie-web": "0.78.2",
        "omggif": "1.0.10",
        "pngjs": "7.0.0"
      },
      "bin": {
        "crazypod": "src/cli.mjs",
        "create-crazypod-app": "src/create-app.mjs"
      },
      "devDependencies": {
        "typescript": "5.9.2"
      },
      "engines": {
        "node": ">=22"
      }
    },
    "node_modules/@lottiefiles/dotlottie-web": {
      "version": "0.78.2",
      "resolved": "https://registry.npmjs.org/@lottiefiles/dotlottie-web/-/dotlottie-web-0.78.2.tgz",
      "integrity": "sha512-ERBw7qATlekpFnR1xwNoTeXsXqw0FzCiEgei0IwPiquT277m36/o0aSWZDK7CgkhVd1NYre3M9fH+6n4waUfHA==",
      "license": "MIT",
      "engines": {
        "node": ">=18.17.0",
        "npm": ">=9.5.0"
      }
    },
    "node_modules/omggif": {
      "version": "1.0.10",
      "resolved": "https://registry.npmjs.org/omggif/-/omggif-1.0.10.tgz",
      "integrity": "sha512-LMJTtvgc/nugXj0Vcrrs68Mn2D1r0zf630VNtqtpI1FEO7e+O9FP4gqs9AcnBaSEeoHIPm28u6qgPR0oyEpGSw==",
      "license": "MIT"
    },
    "node_modules/pngjs": {
      "version": "7.0.0",
      "resolved": "https://registry.npmjs.org/pngjs/-/pngjs-7.0.0.tgz",
      "integrity": "sha512-LKWqWJRhstyYo9pGvgor/ivk2w94eSjE3RGVuzLGlr3NmD8bf7RcYGze1mNdEHRP6TRP6rMuDHk5t44hnTRyow==",
      "license": "MIT",
      "engines": {
        "node": ">=14.19.0"
      }
    },
    "node_modules/typescript": {
      "version": "5.9.2",
      "resolved": "https://registry.npmjs.org/typescript/-/typescript-5.9.2.tgz",
      "integrity": "sha512-CWBzXQrc/qOkhidw1OzBTQuYRbfyxDXJMVJ1XNwUHGROVmuaeiEm3OslpZ1RV96d7SKKjZKrSJu3+t/xlw3R9A==",
      "dev": true,
      "license": "Apache-2.0",
      "bin": {
        "tsc": "bin/tsc",
        "tsserver": "bin/tsserver"
      },
      "engines": {
        "node": ">=14.17"
      }
    }
  }
}
